
Microsoft Visual Studio Solution File, Format Version 12.00
# Visual Studio Version 17
VisualStudioVersion = 17.11.35222.181
MinimumVisualStudioVersion = 10.0.40219.1
Project("{8BC9CEB8-8B4A-11D0-8D11-00A0C91BC942}") = "Behavioral Patterns", "Behavioral Patterns.vcxproj", "{31BD503C-7E64-404C-B0B2-001306F9E395}"
EndProject
Global
	GlobalSection(SolutionConfigurationPlatforms) = preSolution
		Debug|x64 = Debug|x64
		Debug|x86 = Debug|x86
		Release|x64 = Release|x64
		Release|x86 = Release|x86
	EndGlobalSection
	GlobalSection(ProjectConfigurationPlatforms) = postSolution
		{31BD503C-7E64-404C-B0B2-001306F9E395}.Debug|x64.ActiveCfg = Debug|x64
		{31BD503C-7E64-404C-B0B2-001306F9E395}.Debug|x64.Build.0 = Debug|x64
		{31BD503C-7E64-404C-B0B2-001306F9E395}.Debug|x86.ActiveCfg = Debug|Win32
		{31BD503C-7E64-404C-B0B2-001306F9E395}.Debug|x86.Build.0 = Debug|Win32
		{31BD503C-7E64-404C-B0B2-001306F9E395}.Release|x64.ActiveCfg = Release|x64
		{31BD503C-7E64-404C-B0B2-001306F9E395}.Release|x64.Build.0 = Release|x64
		{31BD503C-7E64-404C-B0B2-001306F9E395}.Release|x86.ActiveCfg = Release|Win32
		{31BD503C-7E64-404C-B0B2-001306F9E395}.Release|x86.Build.0 = Release|Win32
	EndGlobalSection
	GlobalSection(SolutionProperties) = preSolution
		HideSolutionNode = FALSE
	EndGlobalSection
	GlobalSection(ExtensibilityGlobals) = postSolution
		SolutionGuid = {55557C2D-0599-41FE-8A71-9FCAF2433274}
	EndGlobalSection
EndGlobal
